// !$*UTF8*$!
{
	archiveVersion = 1;
	classes = {
	};
	objectVersion = 48;
	objects = {

/* Begin PBXBuildFile section */
		BC0D655A1FB05A9500B2D7FF /* AppDelegate.m in Sources */ = {isa = PBXBuildFile; fileRef = BC0D65591FB05A9500B2D7FF /* AppDelegate.m */; };
		BC0D655D1FB05A9500B2D7FF /* ViewController.m in Sources */ = {isa = PBXBuildFile; fileRef = BC0D655C1FB05A9500B2D7FF /* ViewController.m */; };
		BC0D65601FB05A9500B2D7FF /* Main.storyboard in Resources */ = {isa = PBXBuildFile; fileRef = BC0D655E1FB05A9500B2D7FF /* Main.storyboard */; };
		BC0D65621FB05A9500B2D7FF /* Assets.xcassets in Resources */ = {isa = PBXBuildFile; fileRef = BC0D65611FB05A9500B2D7FF /* Assets.xcassets */; };
		BC0D65651FB05A9500B2D7FF /* LaunchScreen.storyboard in Resources */ = {isa = PBXBuildFile; fileRef = BC0D65631FB05A9500B2D7FF /* LaunchScreen.storyboard */; };
		BC0D65681FB05A9500B2D7FF /* main.m in Sources */ = {isa = PBXBuildFile; fileRef = BC0D65671FB05A9500B2D7FF /* main.m */; };
		BC0D65721FB05A9500B2D7FF /* KYSM4DemoTests.m in Sources */ = {isa = PBXBuildFile; fileRef = BC0D65711FB05A9500B2D7FF /* KYSM4DemoTests.m */; };
		BC0D657D1FB05A9500B2D7FF /* KYSM4DemoUITests.m in Sources */ = {isa = PBXBuildFile; fileRef = BC0D657C1FB05A9500B2D7FF /* KYSM4DemoUITests.m */; };
		BC0D658D1FB05D4D00B2D7FF /* sm4.c in Sources */ = {isa = PBXBuildFile; fileRef = BC0D658B1FB05D4D00B2D7FF /* sm4.c */; };
		BC0D65901FB05DAF00B2D7FF /* paddingBytes.c in Sources */ = {isa = PBXBuildFile; fileRef = BC0D658E1FB05DAF00B2D7FF /* paddingBytes.c */; };
		BC0D65931FB05F8E00B2D7FF /* NSString+KYSM4.m in Sources */ = {isa = PBXBuildFile; fileRef = BC0D65921FB05F8E00B2D7FF /* NSString+KYSM4.m */; };
		BCD0EFB51FB14DF3006E8573 /* Crashlytics.framework in Frameworks */ = {isa = PBXBuildFile; fileRef = BCD0EFB31FB14DF2006E8573 /* Crashlytics.framework */; };
		BCD0EFB61FB14DF3006E8573 /* Fabric.framework in Frameworks */ = {isa = PBXBuildFile; fileRef = BCD0EFB41FB14DF3006E8573 /* Fabric.framework */; };
/* End PBXBuildFile section */

/* Begin PBXContainerItemProxy section */
		BC0D656E1FB05A9500B2D7FF /* PBXContainerItemProxy */ = {
			isa = PBXContainerItemProxy;
			containerPortal = BC0D654D1FB05A9500B2D7FF /* Project object */;
			proxyType = 1;
			remoteGlobalIDString = BC0D65541FB05A9500B2D7FF;
			remoteInfo = KYSM4Demo;
		};
		BC0D65791FB05A9500B2D7FF /* PBXContainerItemProxy */ = {
			isa = PBXContainerItemProxy;
			containerPortal = BC0D654D1FB05A9500B2D7FF /* Project object */;
			proxyType = 1;
			remoteGlobalIDString = BC0D65541FB05A9500B2D7FF;
			remoteInfo = KYSM4Demo;
		};
/* End PBXContainerItemProxy section */

/* Begin PBXFileReference section */
		BC0D65551FB05A9500B2D7FF /* KYSM4Demo.app */ = {isa = PBXFileReference; explicitFileType = wrapper.application; includeInIndex = 0; path = KYSM4Demo.app; sourceTree = BUILT_PRODUCTS_DIR; };
		BC0D65581FB05A9500B2D7FF /* AppDelegate.h */ = {isa = PBXFileReference; lastKnownFileType = sourcecode.c.h; path = AppDelegate.h; sourceTree = "<group>"; };
		BC0D65591FB05A9500B2D7FF /* AppDelegate.m */ = {isa = PBXFileReference; lastKnownFileType = sourcecode.c.objc; path = AppDelegate.m; sourceTree = "<group>"; };
		BC0D655B1FB05A9500B2D7FF /* ViewController.h */ = {isa = PBXFileReference; lastKnownFileType = sourcecode.c.h; path = ViewController.h; sourceTree = "<group>"; };
		BC0D655C1FB05A9500B2D7FF /* ViewController.m */ = {isa = PBXFileReference; lastKnownFileType = sourcecode.c.objc; path = ViewController.m; sourceTree = "<group>"; };
		BC0D655F1FB05A9500B2D7FF /* Base */ = {isa = PBXFileReference; lastKnownFileType = file.storyboard; name = Base; path = Base.lproj/Main.storyboard; sourceTree = "<group>"; };
		BC0D65611FB05A9500B2D7FF /* Assets.xcassets */ = {isa = PBXFileReference; lastKnownFileType = folder.assetcatalog; path = Assets.xcassets; sourceTree = "<group>"; };
		BC0D65641FB05A9500B2D7FF /* Base */ = {isa = PBXFileReference; lastKnownFileType = file.storyboard; name = Base; path = Base.lproj/LaunchScreen.storyboard; sourceTree = "<group>"; };
		BC0D65661FB05A9500B2D7FF /* Info.plist */ = {isa = PBXFileReference; lastKnownFileType = text.plist.xml; path = Info.plist; sourceTree = "<group>"; };
		BC0D65671FB05A9500B2D7FF /* main.m */ = {isa = PBXFileReference; lastKnownFileType = sourcecode.c.objc; path = main.m; sourceTree = "<group>"; };
		BC0D656D1FB05A9500B2D7FF /* KYSM4DemoTests.xctest */ = {isa = PBXFileReference; explicitFileType = wrapper.cfbundle; includeInIndex = 0; path = KYSM4DemoTests.xctest; sourceTree = BUILT_PRODUCTS_DIR; };
		BC0D65711FB05A9500B2D7FF /* KYSM4DemoTests.m */ = {isa = PBXFileReference; lastKnownFileType = sourcecode.c.objc; path = KYSM4DemoTests.m; sourceTree = "<group>"; };
		BC0D65731FB05A9500B2D7FF /* Info.plist */ = {isa = PBXFileReference; lastKnownFileType = text.plist.xml; path = Info.plist; sourceTree = "<group>"; };
		BC0D65781FB05A9500B2D7FF /* KYSM4DemoUITests.xctest */ = {isa = PBXFileReference; explicitFileType = wrapper.cfbundle; includeInIndex = 0; path = KYSM4DemoUITests.xctest; sourceTree = BUILT_PRODUCTS_DIR; };
		BC0D657C1FB05A9500B2D7FF /* KYSM4DemoUITests.m */ = {isa = PBXFileReference; lastKnownFileType = sourcecode.c.objc; path = KYSM4DemoUITests.m; sourceTree = "<group>"; };
		BC0D657E1FB05A9500B2D7FF /* Info.plist */ = {isa = PBXFileReference; lastKnownFileType = text.plist.xml; path = Info.plist; sourceTree = "<group>"; };
		BC0D658B1FB05D4D00B2D7FF /* sm4.c */ = {isa = PBXFileReference; fileEncoding = 4; lastKnownFileType = sourcecode.c.c; path = sm4.c; sourceTree = "<group>"; };
		BC0D658C1FB05D4D00B2D7FF /* sm4.h */ = {isa = PBXFileReference; fileEncoding = 4; lastKnownFileType = sourcecode.c.h; path = sm4.h; sourceTree = "<group>"; };
		BC0D658E1FB05DAF00B2D7FF /* paddingBytes.c */ = {isa = PBXFileReference; lastKnownFileType = sourcecode.c.c; path = paddingBytes.c; sourceTree = "<group>"; };
		BC0D658F1FB05DAF00B2D7FF /* paddingBytes.h */ = {isa = PBXFileReference; lastKnownFileType = sourcecode.c.h; path = paddingBytes.h; sourceTree = "<group>"; };
		BC0D65911FB05F8E00B2D7FF /* NSString+KYSM4.h */ = {isa = PBXFileReference; lastKnownFileType = sourcecode.c.h; path = "NSString+KYSM4.h"; sourceTree = "<group>"; };
		BC0D65921FB05F8E00B2D7FF /* NSString+KYSM4.m */ = {isa = PBXFileReference; lastKnownFileType = sourcecode.c.objc; path = "NSString+KYSM4.m"; sourceTree = "<group>"; };
		BCD0EFB31FB14DF2006E8573 /* Crashlytics.framework */ = {isa = PBXFileReference; lastKnownFileType = wrapper.framework; path = Crashlytics.framework; sourceTree = "<group>"; };
		BCD0EFB41FB14DF3006E8573 /* Fabric.framework */ = {isa = PBXFileReference; lastKnownFileType = wrapper.framework; path = Fabric.framework; sourceTree = "<group>"; };
/* End PBXFileReference section */

/* Begin PBXFrameworksBuildPhase section */
		BC0D65521FB05A9500B2D7FF /* Frameworks */ = {
			isa = PBXFrameworksBuildPhase;
			buildActionMask = 2147483647;
			files = (
				BCD0EFB51FB14DF3006E8573 /* Crashlytics.framework in Frameworks */,
				BCD0EFB61FB14DF3006E8573 /* Fabric.framework in Frameworks */,
			);
			runOnlyForDeploymentPostprocessing = 0;
		};
		BC0D656A1FB05A9500B2D7FF /* Frameworks */ = {
			isa = PBXFrameworksBuildPhase;
			buildActionMask = 2147483647;
			files = (
			);
			runOnlyForDeploymentPostprocessing = 0;
		};
		BC0D65751FB05A9500B2D7FF /* Frameworks */ = {
			isa = PBXFrameworksBuildPhase;
			buildActionMask = 2147483647;
			files = (
			);
			runOnlyForDeploymentPostprocessing = 0;
		};
/* End PBXFrameworksBuildPhase section */

/* Begin PBXGroup section */
		BC0D654C1FB05A9500B2D7FF = {
			isa = PBXGroup;
			children = (
				BC0D65571FB05A9500B2D7FF /* KYSM4Demo */,
				BC0D65701FB05A9500B2D7FF /* KYSM4DemoTests */,
				BC0D657B1FB05A9500B2D7FF /* KYSM4DemoUITests */,
				BC0D65561FB05A9500B2D7FF /* Products */,
				BCD0EFB21FB14DF2006E8573 /* Frameworks */,
			);
			sourceTree = "<group>";
		};
		BC0D65561FB05A9500B2D7FF /* Products */ = {
			isa = PBXGroup;
			children = (
				BC0D65551FB05A9500B2D7FF /* KYSM4Demo.app */,
				BC0D656D1FB05A9500B2D7FF /* KYSM4DemoTests.xctest */,
				BC0D65781FB05A9500B2D7FF /* KYSM4DemoUITests.xctest */,
			);
			name = Products;
			sourceTree = "<group>";
		};
		BC0D65571FB05A9500B2D7FF /* KYSM4Demo */ = {
			isa = PBXGroup;
			children = (
				BC0D658A1FB05D4D00B2D7FF /* KYSM4 */,
				BC0D65581FB05A9500B2D7FF /* AppDelegate.h */,
				BC0D65591FB05A9500B2D7FF /* AppDelegate.m */,
				BC0D655B1FB05A9500B2D7FF /* ViewController.h */,
				BC0D655C1FB05A9500B2D7FF /* ViewController.m */,
				BC0D655E1FB05A9500B2D7FF /* Main.storyboard */,
				BC0D65611FB05A9500B2D7FF /* Assets.xcassets */,
				BC0D65631FB05A9500B2D7FF /* LaunchScreen.storyboard */,
				BC0D65661FB05A9500B2D7FF /* Info.plist */,
				BC0D65671FB05A9500B2D7FF /* main.m */,
			);
			path = KYSM4Demo;
			sourceTree = "<group>";
		};
		BC0D65701FB05A9500B2D7FF /* KYSM4DemoTests */ = {
			isa = PBXGroup;
			children = (
				BC0D65711FB05A9500B2D7FF /* KYSM4DemoTests.m */,
				BC0D65731FB05A9500B2D7FF /* Info.plist */,
			);
			path = KYSM4DemoTests;
			sourceTree = "<group>";
		};
		BC0D657B1FB05A9500B2D7FF /* KYSM4DemoUITests */ = {
			isa = PBXGroup;
			children = (
				BC0D657C1FB05A9500B2D7FF /* KYSM4DemoUITests.m */,
				BC0D657E1FB05A9500B2D7FF /* Info.plist */,
			);
			path = KYSM4DemoUITests;
			sourceTree = "<group>";
		};
		BC0D658A1FB05D4D00B2D7FF /* KYSM4 */ = {
			isa = PBXGroup;
			children = (
				BC0D658B1FB05D4D00B2D7FF /* sm4.c */,
				BC0D658C1FB05D4D00B2D7FF /* sm4.h */,
				BC0D658E1FB05DAF00B2D7FF /* paddingBytes.c */,
				BC0D658F1FB05DAF00B2D7FF /* paddingBytes.h */,
				BC0D65911FB05F8E00B2D7FF /* NSString+KYSM4.h */,
				BC0D65921FB05F8E00B2D7FF /* NSString+KYSM4.m */,
			);
			name = KYSM4;
			path = ../../KYSM4;
			sourceTree = "<group>";
		};
		BCD0EFB21FB14DF2006E8573 /* Frameworks */ = {
			isa = PBXGroup;
			children = (
				BCD0EFB31FB14DF2006E8573 /* Crashlytics.framework */,
				BCD0EFB41FB14DF3006E8573 /* Fabric.framework */,
			);
			name = Frameworks;
			sourceTree = "<group>";
		};
/* End PBXGroup section */

/* Begin PBXNativeTarget section */
		BC0D65541FB05A9500B2D7FF /* KYSM4Demo */ = {
			isa = PBXNativeTarget;
			buildConfigurationList = BC0D65811FB05A9500B2D7FF /* Build configuration list for PBXNativeTarget "KYSM4Demo" */;
			buildPhases = (
				BC0D65511FB05A9500B2D7FF /* Sources */,
				BC0D65521FB05A9500B2D7FF /* Frameworks */,
				BC0D65531FB05A9500B2D7FF /* Resources */,
				BCD0EFB11FB14CF4006E8573 /* ShellScript */,
			);
			buildRules = (
			);
			dependencies = (
			);
			name = KYSM4Demo;
			productName = KYSM4Demo;
			productReference = BC0D65551FB05A9500B2D7FF /* KYSM4Demo.app */;
			productType = "com.apple.product-type.application";
		};
		BC0D656C1FB05A9500B2D7FF /* KYSM4DemoTests */ = {
			isa = PBXNativeTarget;
			buildConfigurationList = BC0D65841FB05A9500B2D7FF /* Build configuration list for PBXNativeTarget "KYSM4DemoTests" */;
			buildPhases = (
				BC0D65691FB05A9500B2D7FF /* Sources */,
				BC0D656A1FB05A9500B2D7FF /* Frameworks */,
				BC0D656B1FB05A9500B2D7FF /* Resources */,
			);
			buildRules = (
			);
			dependencies = (
				BC0D656F1FB05A9500B2D7FF /* PBXTargetDependency */,
			);
			name = KYSM4DemoTests;
			productName = KYSM4DemoTests;
			productReference = BC0D656D1FB05A9500B2D7FF /* KYSM4DemoTests.xctest */;
			productType = "com.apple.product-type.bundle.unit-test";
		};
		BC0D65771FB05A9500B2D7FF /* KYSM4DemoUITests */ = {
			isa = PBXNativeTarget;
			buildConfigurationList = BC0D65871FB05A9500B2D7FF /* Build configuration list for PBXNativeTarget "KYSM4DemoUITests" */;
			buildPhases = (
				BC0D65741FB05A9500B2D7FF /* Sources */,
				BC0D65751FB05A9500B2D7FF /* Frameworks */,
				BC0D65761FB05A9500B2D7FF /* Resources */,
			);
			buildRules = (
			);
			dependencies = (
				BC0D657A1FB05A9500B2D7FF /* PBXTargetDependency */,
			);
			name = KYSM4DemoUITests;
			productName = KYSM4DemoUITests;
			productReference = BC0D65781FB05A9500B2D7FF /* KYSM4DemoUITests.xctest */;
			productType = "com.apple.product-type.bundle.ui-testing";
		};
/* End PBXNativeTarget section */

/* Begin PBXProject section */
		BC0D654D1FB05A9500B2D7FF /* Project object */ = {
			isa = PBXProject;
			attributes = {
				LastUpgradeCheck = 0910;
				ORGANIZATIONNAME = kingly;
				TargetAttributes = {
					BC0D65541FB05A9500B2D7FF = {
						CreatedOnToolsVersion = 9.1;
						ProvisioningStyle = Automatic;
					};
					BC0D656C1FB05A9500B2D7FF = {
						CreatedOnToolsVersion = 9.1;
						ProvisioningStyle = Automatic;
						TestTargetID = BC0D65541FB05A9500B2D7FF;
					};
					BC0D65771FB05A9500B2D7FF = {
						CreatedOnToolsVersion = 9.1;
						ProvisioningStyle = Automatic;
						TestTargetID = BC0D65541FB05A9500B2D7FF;
					};
				};
			};
			buildConfigurationList = BC0D65501FB05A9500B2D7FF /* Build configuration list for PBXProject "KYSM4Demo" */;
			compatibilityVersion = "Xcode 8.0";
			developmentRegion = en;
			hasScannedForEncodings = 0;
			knownRegions = (
				en,
				Base,
			);
			mainGroup = BC0D654C1FB05A9500B2D7FF;
			productRefGroup = BC0D65561FB05A9500B2D7FF /* Products */;
			projectDirPath = "";
			projectRoot = "";
			targets = (
				BC0D65541FB05A9500B2D7FF /* KYSM4Demo */,
				BC0D656C1FB05A9500B2D7FF /* KYSM4DemoTests */,
				BC0D65771FB05A9500B2D7FF /* KYSM4DemoUITests */,
			);
		};
/* End PBXProject section */

/* Begin PBXResourcesBuildPhase section */
		BC0D65531FB05A9500B2D7FF /* Resources */ = {
			isa = PBXResourcesBuildPhase;
			buildActionMask = 2147483647;
			files = (
				BC0D65651FB05A9500B2D7FF /* LaunchScreen.storyboard in Resources */,
				BC0D65621FB05A9500B2D7FF /* Assets.xcassets in Resources */,
				BC0D65601FB05A9500B2D7FF /* Main.storyboard in Resources */,
			);
			runOnlyForDeploymentPostprocessing = 0;
		};
		BC0D656B1FB05A9500B2D7FF /* Resources */ = {
			isa = PBXResourcesBuildPhase;
			buildActionMask = 2147483647;
			files = (
			);
			runOnlyForDeploymentPostprocessing = 0;
		};
		BC0D65761FB05A9500B2D7FF /* Resources */ = {
			isa = PBXResourcesBuildPhase;
			buildActionMask = 2147483647;
			files = (
			);
			runOnlyForDeploymentPostprocessing = 0;
		};
/* End PBXResourcesBuildPhase section */

/* Begin PBXShellScriptBuildPhase section */
		BCD0EFB11FB14CF4006E8573 /* ShellScript */ = {
			isa = PBXShellScriptBuildPhase;
			buildActionMask = 2147483647;
			files = (
			);
			inputPaths = (
			);
			outputPaths = (
			);
			runOnlyForDeploymentPostprocessing = 0;
			shellPath = /bin/sh;
			shellScript = "./Fabric.framework/run 563fe66ba6af4d49b20d51b443782da13193c62f 85075d4ee6ba3bebda76bd334ae3daa9db3b0918a0f7e95052c4237949b9d605";
		};
/* End PBXShellScriptBuildPhase section */

/* Begin PBXSourcesBuildPhase section */
		BC0D65511FB05A9500B2D7FF /* Sources */ = {
			isa = PBXSourcesBuildPhase;
			buildActionMask = 2147483647;
			files = (
				BC0D65931FB05F8E00B2D7FF /* NSString+KYSM4.m in Sources */,
				BC0D655D1FB05A9500B2D7FF /* ViewController.m in Sources */,
				BC0D65681FB05A9500B2D7FF /* main.m in Sources */,
				BC0D658D1FB05D4D00B2D7FF /* sm4.c in Sources */,
				BC0D655A1FB05A9500B2D7FF /* AppDelegate.m in Sources */,
				BC0D65901FB05DAF00B2D7FF /* paddingBytes.c in Sources */,
			);
			runOnlyForDeploymentPostprocessing = 0;
		};
		BC0D65691FB05A9500B2D7FF /* Sources */ = {
			isa = PBXSourcesBuildPhase;
			buildActionMask = 2147483647;
			files = (
				BC0D65721FB05A9500B2D7FF /* KYSM4DemoTests.m in Sources */,
			);
			runOnlyForDeploymentPostprocessing = 0;
		};
		BC0D65741FB05A9500B2D7FF /* Sources */ = {
			isa = PBXSourcesBuildPhase;
			buildActionMask = 2147483647;
			files = (
				BC0D657D1FB05A9500B2D7FF /* KYSM4DemoUITests.m in Sources */,
			);
			runOnlyForDeploymentPostprocessing = 0;
		};
/* End PBXSourcesBuildPhase section */

/* Begin PBXTargetDependency section */
		BC0D656F1FB05A9500B2D7FF /* PBXTargetDependency */ = {
			isa = PBXTargetDependency;
			target = BC0D65541FB05A9500B2D7FF /* KYSM4Demo */;
			targetProxy = BC0D656E1FB05A9500B2D7FF /* PBXContainerItemProxy */;
		};
		BC0D657A1FB05A9500B2D7FF /* PBXTargetDependency */ = {
			isa = PBXTargetDependency;
			target = BC0D65541FB05A9500B2D7FF /* KYSM4Demo */;
			targetProxy = BC0D65791FB05A9500B2D7FF /* PBXContainerItemProxy */;
		};
/* End PBXTargetDependency section */

/* Begin PBXVariantGroup section */
		BC0D655E1FB05A9500B2D7FF /* Main.storyboard */ = {
			isa = PBXVariantGroup;
			children = (
				BC0D655F1FB05A9500B2D7FF /* Base */,
			);
			name = Main.storyboard;
			sourceTree = "<group>";
		};
		BC0D65631FB05A9500B2D7FF /* LaunchScreen.storyboard */ = {
			isa = PBXVariantGroup;
			children = (
				BC0D65641FB05A9500B2D7FF /* Base */,
			);
			name = LaunchScreen.storyboard;
			sourceTree = "<group>";
		};
/* End PBXVariantGroup section */

/* Begin XCBuildConfiguration section */
		BC0D657F1FB05A9500B2D7FF /* Debug */ = {
			isa = XCBuildConfiguration;
			buildSettings = {
				ALWAYS_SEARCH_USER_PATHS = NO;
				CLANG_ANALYZER_NONNULL = YES;
				CLANG_ANALYZER_NUMBER_OBJECT_CONVERSION = YES_AGGRESSIVE;
				CLANG_CXX_LANGUAGE_STANDARD = "gnu++14";
				CLANG_CXX_LIBRARY = "libc++";
				CLANG_ENABLE_MODULES = YES;
				CLANG_ENABLE_OBJC_ARC = YES;
				CLANG_WARN_BLOCK_CAPTURE_AUTORELEASING = YES;
				CLANG_WARN_BOOL_CONVERSION = YES;
				CLANG_WARN_COMMA = YES;
				CLANG_WARN_CONSTANT_CONVERSION = YES;
				CLANG_WARN_DIRECT_OBJC_ISA_USAGE = YES_ERROR;
				CLANG_WARN_DOCUMENTATION_COMMENTS = YES;
				CLANG_WARN_EMPTY_BODY = YES;
				CLANG_WARN_ENUM_CONVERSION = YES;
				CLANG_WARN_INFINITE_RECURSION = YES;
				CLANG_WARN_INT_CONVERSION = YES;
				CLANG_WARN_NON_LITERAL_NULL_CONVERSION = YES;
				CLANG_WARN_OBJC_LITERAL_CONVERSION = YES;
				CLANG_WARN_OBJC_ROOT_CLASS = YES_ERROR;
				CLANG_WARN_RANGE_LOOP_ANALYSIS = YES;
				CLANG_WARN_STRICT_PROTOTYPES = YES;
				CLANG_WARN_SUSPICIOUS_MOVE = YES;
				CLANG_WARN_UNGUARDED_AVAILABILITY = YES_AGGRESSIVE;
				CLANG_WARN_UNREACHABLE_CODE = YES;
				CLANG_WARN__DUPLICATE_METHOD_MATCH = YES;
				CODE_SIGN_IDENTITY = "iPhone Developer";
				COPY_PHASE_STRIP = NO;
				DEBUG_INFORMATION_FORMAT = dwarf;
				ENABLE_STRICT_OBJC_MSGSEND = YES;
				ENABLE_TESTABILITY = YES;
				GCC_C_LANGUAGE_STANDARD = gnu11;
				GCC_DYNAMIC_NO_PIC = NO;
				GCC_NO_COMMON_BLOCKS = YES;
				GCC_OPTIMIZATION_LEVEL = 0;
				GCC_PREPROCESSOR_DEFINITIONS = (
					"DEBUG=1",
					"$(inherited)",
				);
				GCC_WARN_64_TO_32_BIT_CONVERSION = YES;
				GCC_WARN_ABOUT_RETURN_TYPE = YES_ERROR;
				GCC_WARN_UNDECLARED_SELECTOR = YES;
				GCC_WARN_UNINITIALIZED_AUTOS = YES_AGGRESSIVE;
				GCC_WARN_UNUSED_FUNCTION = YES;
				GCC_WARN_UNUSED_VARIABLE = YES;
				IPHONEOS_DEPLOYMENT_TARGET = 11.1;
				MTL_ENABLE_DEBUG_INFO = YES;
				ONLY_ACTIVE_ARCH = YES;
				SDKROOT = iphoneos;
			};
			name = Debug;
		};
		BC0D65801FB05A9500B2D7FF /* Release */ = {
			isa = XCBuildConfiguration;
			buildSettings = {
				ALWAYS_SEARCH_USER_PATHS = NO;
				CLANG_ANALYZER_NONNULL = YES;
				CLANG_ANALYZER_NUMBER_OBJECT_CONVERSION = YES_AGGRESSIVE;
				CLANG_CXX_LANGUAGE_STANDARD = "gnu++14";
				CLANG_CXX_LIBRARY = "libc++";
				CLANG_ENABLE_MODULES = YES;
				CLANG_ENABLE_OBJC_ARC = YES;
				CLANG_WARN_BLOCK_CAPTURE_AUTORELEASING = YES;
				CLANG_WARN_BOOL_CONVERSION = YES;
				CLANG_WARN_COMMA = YES;
				CLANG_WARN_CONSTANT_CONVERSION = YES;
				CLANG_WARN_DIRECT_OBJC_ISA_USAGE = YES_ERROR;
				CLANG_WARN_DOCUMENTATION_COMMENTS = YES;
				CLANG_WARN_EMPTY_BODY = YES;
				CLANG_WARN_ENUM_CONVERSION = YES;
				CLANG_WARN_INFINITE_RECURSION = YES;
				CLANG_WARN_INT_CONVERSION = YES;
				CLANG_WARN_NON_LITERAL_NULL_CONVERSION = YES;
				CLANG_WARN_OBJC_LITERAL_CONVERSION = YES;
				CLANG_WARN_OBJC_ROOT_CLASS = YES_ERROR;
				CLANG_WARN_RANGE_LOOP_ANALYSIS = YES;
				CLANG_WARN_STRICT_PROTOTYPES = YES;
				CLANG_WARN_SUSPICIOUS_MOVE = YES;
				CLANG_WARN_UNGUARDED_AVAILABILITY = YES_AGGRESSIVE;
				CLANG_WARN_UNREACHABLE_CODE = YES;
				CLANG_WARN__DUPLICATE_METHOD_MATCH = YES;
				CODE_SIGN_IDENTITY = "iPhone Developer";
				COPY_PHASE_STRIP = NO;
				DEBUG_INFORMATION_FORMAT = "dwarf-with-dsym";
				ENABLE_NS_ASSERTIONS = NO;
				ENABLE_STRICT_OBJC_MSGSEND = YES;
				GCC_C_LANGUAGE_STANDARD = gnu11;
				GCC_NO_COMMON_BLOCKS = YES;
				GCC_WARN_64_TO_32_BIT_CONVERSION = YES;
				GCC_WARN_ABOUT_RETURN_TYPE = YES_ERROR;
				GCC_WARN_UNDECLARED_SELECTOR = YES;
				GCC_WARN_UNINITIALIZED_AUTOS = YES_AGGRESSIVE;
				GCC_WARN_UNUSED_FUNCTION = YES;
				GCC_WARN_UNUSED_VARIABLE = YES;
				IPHONEOS_DEPLOYMENT_TARGET = 11.1;
				MTL_ENABLE_DEBUG_INFO = NO;
				SDKROOT = iphoneos;
				VALIDATE_PRODUCT = YES;
			};
			name = Release;
		};
		BC0D65821FB05A9500B2D7FF /* Debug */ = {
			isa = XCBuildConfiguration;
			buildSettings = {
				ASSETCATALOG_COMPILER_APPICON_NAME = AppIcon;
				CODE_SIGN_STYLE = Automatic;
				DEVELOPMENT_TEAM = KE5MJRYE2S;
				FRAMEWORK_SEARCH_PATHS = (
					"$(inherited)",
					"$(PROJECT_DIR)",
				);
				INFOPLIST_FILE = KYSM4Demo/Info.plist;
				LD_RUNPATH_SEARCH_PATHS = "$(inherited) @executable_path/Frameworks";
				PRODUCT_BUNDLE_IDENTIFIER = com.bc.KYSM4Demo;
				PRODUCT_NAME = "$(TARGET_NAME)";
				TARGETED_DEVICE_FAMILY = "1,2";
			};
			name = Debug;
		};
		BC0D65831FB05A9500B2D7FF /* Release */ = {
			isa = XCBuildConfiguration;
			buildSettings = {
				ASSETCATALOG_COMPILER_APPICON_NAME = AppIcon;
				CODE_SIGN_STYLE = Automatic;
				DEVELOPMENT_TEAM = KE5MJRYE2S;
				FRAMEWORK_SEARCH_PATHS = (
					"$(inherited)",
					"$(PROJECT_DIR)",
				);
				INFOPLIST_FILE = KYSM4Demo/Info.plist;
				LD_RUNPATH_SEARCH_PATHS = "$(inherited) @executable_path/Frameworks";
				PRODUCT_BUNDLE_IDENTIFIER = com.bc.KYSM4Demo;
				PRODUCT_NAME = "$(TARGET_NAME)";
				TARGETED_DEVICE_FAMILY = "1,2";
			};
			name = Release;
		};
		BC0D65851FB05A9500B2D7FF /* Debug */ = {
			isa = XCBuildConfiguration;
			buildSettings = {
				BUNDLE_LOADER = "$(TEST_HOST)";
				CODE_SIGN_STYLE = Automatic;
				DEVELOPMENT_TEAM = KE5MJRYE2S;
				INFOPLIST_FILE = KYSM4DemoTests/Info.plist;
				LD_RUNPATH_SEARCH_PATHS = "$(inherited) @executable_path/Frameworks @loader_path/Frameworks";
				PRODUCT_BUNDLE_IDENTIFIER = com.bc.KYSM4DemoTests;
				PRODUCT_NAME = "$(TARGET_NAME)";
				TARGETED_DEVICE_FAMILY = "1,2";
				TEST_HOST = "$(BUILT_PRODUCTS_DIR)/KYSM4Demo.app/KYSM4Demo";
			};
			name = Debug;
		};
		BC0D65861FB05A9500B2D7FF /* Release */ = {
			isa = XCBuildConfiguration;
			buildSettings = {
				BUNDLE_LOADER = "$(TEST_HOST)";
				CODE_SIGN_STYLE = Automatic;
				DEVELOPMENT_TEAM = KE5MJRYE2S;
				INFOPLIST_FILE = KYSM4DemoTests/Info.plist;
				LD_RUNPATH_SEARCH_PATHS = "$(inherited) @executable_path/Frameworks @loader_path/Frameworks";
				PRODUCT_BUNDLE_IDENTIFIER = com.bc.KYSM4DemoTests;
				PRODUCT_NAME = "$(TARGET_NAME)";
				TARGETED_DEVICE_FAMILY = "1,2";
				TEST_HOST = "$(BUILT_PRODUCTS_DIR)/KYSM4Demo.app/KYSM4Demo";
			};
			name = Release;
		};
		BC0D65881FB05A9500B2D7FF /* Debug */ = {
			isa = XCBuildConfiguration;
			buildSettings = {
				CODE_SIGN_STYLE = Automatic;
				DEVELOPMENT_TEAM = KE5MJRYE2S;
				INFOPLIST_FILE = KYSM4DemoUITests/Info.plist;
				LD_RUNPATH_SEARCH_PATHS = "$(inherited) @executable_path/Frameworks @loader_path/Frameworks";
				PRODUCT_BUNDLE_IDENTIFIER = com.bc.KYSM4DemoUITests;
				PRODUCT_NAME = "$(TARGET_NAME)";
				TARGETED_DEVICE_FAMILY = "1,2";
				TEST_TARGET_NAME = KYSM4Demo;
			};
			name = Debug;
		};
		BC0D65891FB05A9500B2D7FF /* Release */ = {
			isa = XCBuildConfiguration;
			buildSettings = {
				CODE_SIGN_STYLE = Automatic;
				DEVELOPMENT_TEAM = KE5MJRYE2S;
				INFOPLIST_FILE = KYSM4DemoUITests/Info.plist;
				LD_RUNPATH_SEARCH_PATHS = "$(inherited) @executable_path/Frameworks @loader_path/Frameworks";
				PRODUCT_BUNDLE_IDENTIFIER = com.bc.KYSM4DemoUITests;
				PRODUCT_NAME = "$(TARGET_NAME)";
				TARGETED_DEVICE_FAMILY = "1,2";
				TEST_TARGET_NAME = KYSM4Demo;
			};
			name = Release;
		};
/* End XCBuildConfiguration section */

/* Begin XCConfigurationList section */
		BC0D65501FB05A9500B2D7FF /* Build configuration list for PBXProject "KYSM4Demo" */ = {
			isa = XCConfigurationList;
			buildConfigurations = (
				BC0D657F1FB05A9500B2D7FF /* Debug */,
				BC0D65801FB05A9500B2D7FF /* Release */,
			);
			defaultConfigurationIsVisible = 0;
			defaultConfigurationName = Release;
		};
		BC0D65811FB05A9500B2D7FF /* Build configuration list for PBXNativeTarget "KYSM4Demo" */ = {
			isa = XCConfigurationList;
			buildConfigurations = (
				BC0D65821FB05A9500B2D7FF /* Debug */,
				BC0D65831FB05A9500B2D7FF /* Release */,
			);
			defaultConfigurationIsVisible = 0;
			defaultConfigurationName = Release;
		};
		BC0D65841FB05A9500B2D7FF /* Build configuration list for PBXNativeTarget "KYSM4DemoTests" */ = {
			isa = XCConfigurationList;
			buildConfigurations = (
				BC0D65851FB05A9500B2D7FF /* Debug */,
				BC0D65861FB05A9500B2D7FF /* Release */,
			);
			defaultConfigurationIsVisible = 0;
			defaultConfigurationName = Release;
		};
		BC0D65871FB05A9500B2D7FF /* Build configuration list for PBXNativeTarget "KYSM4DemoUITests" */ = {
			isa = XCConfigurationList;
			buildConfigurations = (
				BC0D65881FB05A9500B2D7FF /* Debug */,
				BC0D65891FB05A9500B2D7FF /* Release */,
			);
			defaultConfigurationIsVisible = 0;
			defaultConfigurationName = Release;
		};
/* End XCConfigurationList section */
	};
	rootObject = BC0D654D1FB05A9500B2D7FF /* Project object */;
}
